
Microsoft Visual Studio Solution File, Format Version 12.00
# Visual Studio Version 16
VisualStudioVersion = 16.0.31025.218
MinimumVisualStudioVersion = 10.0.40219.1
Project("{9A19103F-16F7-4668-BE54-9A1E7A4F7556}") = "SaucenaoApi", "SaucenaoApi\SaucenaoApi.csproj", "{CDB2E46A-DB11-4622-8668-A3655634DCCE}"
EndProject
Project("{9A19103F-16F7-4668-BE54-9A1E7A4F7556}") = "RunicCypher", "RunicCypher\RunicCypher.csproj", "{F6A9B9BD-36EE-4EBC-99B1-80A9EF7CD66C}"
EndProject
Project("{9A19103F-16F7-4668-BE54-9A1E7A4F7556}") = "SimpleBruteForce", "SimpleBruteForce\SimpleBruteForce.csproj", "{88DD7822-E755-4B44-827C-DC39CC66CCDB}"
EndProject
Project("{9A19103F-16F7-4668-BE54-9A1E7A4F7556}") = "SortingAlgorithms", "SortingAlgorithms\SortingAlgorithms.csproj", "{3BF2B648-EEDD-4F5F-8CE9-517137FB471D}"
EndProject
Project("{9A19103F-16F7-4668-BE54-9A1E7A4F7556}") = "BasicIrcClient", "IrcClient\BasicIrcClient.csproj", "{B8B5F9B1-D41C-431C-9928-730AFD3311E7}"
EndProject
Project("{9A19103F-16F7-4668-BE54-9A1E7A4F7556}") = "MoeBooruApi", "MoeBooruAPI\MoeBooruApi.csproj", "{57A8D658-5828-4518-B983-7D602AA826D2}"
EndProject
Project("{9A19103F-16F7-4668-BE54-9A1E7A4F7556}") = "Test", "Test\Test.csproj", "{408716EA-6454-4FDD-BE72-34FD781C3A4B}"
EndProject
Project("{9A19103F-16F7-4668-BE54-9A1E7A4F7556}") = "ExtensionsReflection", "ExtensionsReflection\ExtensionsReflection.csproj", "{3A3969F7-69D8-41C2-AEB1-52CE8B5D0C99}"
EndProject
Project("{FAE04EC0-301F-11D3-BF4B-00C04F79EFBC}") = "CsvToObjects", "CsvToObjects\CsvToObjects.csproj", "{D2AD23BC-B3C6-4442-89A2-79EBF74BCD2A}"
EndProject
Project("{FAE04EC0-301F-11D3-BF4B-00C04F79EFBC}") = "ExtensionsString", "ExtensionsString\ExtensionsString.csproj", "{40DE1385-69F0-46B3-B0BD-EC79D843EDC3}"
EndProject
Project("{FAE04EC0-301F-11D3-BF4B-00C04F79EFBC}") = "WorksheetToObjects", "WorksheetToObjects\WorksheetToObjects.csproj", "{E27D133F-0217-4EC8-8C7F-928D6883C931}"
EndProject
Global
	GlobalSection(SolutionConfigurationPlatforms) = preSolution
		Debug|Any CPU = Debug|Any CPU
		Release|Any CPU = Release|Any CPU
	EndGlobalSection
	GlobalSection(ProjectConfigurationPlatforms) = postSolution
		{CDB2E46A-DB11-4622-8668-A3655634DCCE}.Debug|Any CPU.ActiveCfg = Debug|Any CPU
		{CDB2E46A-DB11-4622-8668-A3655634DCCE}.Debug|Any CPU.Build.0 = Debug|Any CPU
		{CDB2E46A-DB11-4622-8668-A3655634DCCE}.Release|Any CPU.ActiveCfg = Release|Any CPU
		{CDB2E46A-DB11-4622-8668-A3655634DCCE}.Release|Any CPU.Build.0 = Release|Any CPU
		{F6A9B9BD-36EE-4EBC-99B1-80A9EF7CD66C}.Debug|Any CPU.ActiveCfg = Debug|Any CPU
		{F6A9B9BD-36EE-4EBC-99B1-80A9EF7CD66C}.Debug|Any CPU.Build.0 = Debug|Any CPU
		{F6A9B9BD-36EE-4EBC-99B1-80A9EF7CD66C}.Release|Any CPU.ActiveCfg = Release|Any CPU
		{F6A9B9BD-36EE-4EBC-99B1-80A9EF7CD66C}.Release|Any CPU.Build.0 = Release|Any CPU
		{88DD7822-E755-4B44-827C-DC39CC66CCDB}.Debug|Any CPU.ActiveCfg = Debug|Any CPU
		{88DD7822-E755-4B44-827C-DC39CC66CCDB}.Debug|Any CPU.Build.0 = Debug|Any CPU
		{88DD7822-E755-4B44-827C-DC39CC66CCDB}.Release|Any CPU.ActiveCfg = Release|Any CPU
		{88DD7822-E755-4B44-827C-DC39CC66CCDB}.Release|Any CPU.Build.0 = Release|Any CPU
		{3BF2B648-EEDD-4F5F-8CE9-517137FB471D}.Debug|Any CPU.ActiveCfg = Debug|Any CPU
		{3BF2B648-EEDD-4F5F-8CE9-517137FB471D}.Debug|Any CPU.Build.0 = Debug|Any CPU
		{3BF2B648-EEDD-4F5F-8CE9-517137FB471D}.Release|Any CPU.ActiveCfg = Release|Any CPU
		{3BF2B648-EEDD-4F5F-8CE9-517137FB471D}.Release|Any CPU.Build.0 = Release|Any CPU
		{B8B5F9B1-D41C-431C-9928-730AFD3311E7}.Debug|Any CPU.ActiveCfg = Debug|Any CPU
		{B8B5F9B1-D41C-431C-9928-730AFD3311E7}.Debug|Any CPU.Build.0 = Debug|Any CPU
		{B8B5F9B1-D41C-431C-9928-730AFD3311E7}.Release|Any CPU.ActiveCfg = Release|Any CPU
		{B8B5F9B1-D41C-431C-9928-730AFD3311E7}.Release|Any CPU.Build.0 = Release|Any CPU
		{57A8D658-5828-4518-B983-7D602AA826D2}.Debug|Any CPU.ActiveCfg = Debug|Any CPU
		{57A8D658-5828-4518-B983-7D602AA826D2}.Debug|Any CPU.Build.0 = Debug|Any CPU
		{57A8D658-5828-4518-B983-7D602AA826D2}.Release|Any CPU.ActiveCfg = Release|Any CPU
		{57A8D658-5828-4518-B983-7D602AA826D2}.Release|Any CPU.Build.0 = Release|Any CPU
		{408716EA-6454-4FDD-BE72-34FD781C3A4B}.Debug|Any CPU.ActiveCfg = Debug|Any CPU
		{408716EA-6454-4FDD-BE72-34FD781C3A4B}.Debug|Any CPU.Build.0 = Debug|Any CPU
		{408716EA-6454-4FDD-BE72-34FD781C3A4B}.Release|Any CPU.ActiveCfg = Release|Any CPU
		{408716EA-6454-4FDD-BE72-34FD781C3A4B}.Release|Any CPU.Build.0 = Release|Any CPU
		{3A3969F7-69D8-41C2-AEB1-52CE8B5D0C99}.Debug|Any CPU.ActiveCfg = Debug|Any CPU
		{3A3969F7-69D8-41C2-AEB1-52CE8B5D0C99}.Debug|Any CPU.Build.0 = Debug|Any CPU
		{3A3969F7-69D8-41C2-AEB1-52CE8B5D0C99}.Release|Any CPU.ActiveCfg = Release|Any CPU
		{3A3969F7-69D8-41C2-AEB1-52CE8B5D0C99}.Release|Any CPU.Build.0 = Release|Any CPU
		{D2AD23BC-B3C6-4442-89A2-79EBF74BCD2A}.Debug|Any CPU.ActiveCfg = Debug|Any CPU
		{D2AD23BC-B3C6-4442-89A2-79EBF74BCD2A}.Debug|Any CPU.Build.0 = Debug|Any CPU
		{D2AD23BC-B3C6-4442-89A2-79EBF74BCD2A}.Release|Any CPU.ActiveCfg = Release|Any CPU
		{D2AD23BC-B3C6-4442-89A2-79EBF74BCD2A}.Release|Any CPU.Build.0 = Release|Any CPU
		{40DE1385-69F0-46B3-B0BD-EC79D843EDC3}.Debug|Any CPU.ActiveCfg = Debug|Any CPU
		{40DE1385-69F0-46B3-B0BD-EC79D843EDC3}.Debug|Any CPU.Build.0 = Debug|Any CPU
		{40DE1385-69F0-46B3-B0BD-EC79D843EDC3}.Release|Any CPU.ActiveCfg = Release|Any CPU
		{40DE1385-69F0-46B3-B0BD-EC79D843EDC3}.Release|Any CPU.Build.0 = Release|Any CPU
		{E27D133F-0217-4EC8-8C7F-928D6883C931}.Debug|Any CPU.ActiveCfg = Debug|Any CPU
		{E27D133F-0217-4EC8-8C7F-928D6883C931}.Debug|Any CPU.Build.0 = Debug|Any CPU
		{E27D133F-0217-4EC8-8C7F-928D6883C931}.Release|Any CPU.ActiveCfg = Release|Any CPU
		{E27D133F-0217-4EC8-8C7F-928D6883C931}.Release|Any CPU.Build.0 = Release|Any CPU
	EndGlobalSection
	GlobalSection(SolutionProperties) = preSolution
		HideSolutionNode = FALSE
	EndGlobalSection
	GlobalSection(ExtensibilityGlobals) = postSolution
		SolutionGuid = {2D7ABE5D-CF6C-49F9-A209-7F07E818A532}
	EndGlobalSection
EndGlobal
