
Microsoft Visual Studio Solution File, Format Version 12.00
# Visual Studio Version 17
VisualStudioVersion = 17.0.31815.197
MinimumVisualStudioVersion = 10.0.40219.1
Project("{9A19103F-16F7-4668-BE54-9A1E7A4F7556}") = "SaucenaoApi", "SaucenaoApi\SaucenaoApi.csproj", "{CDB2E46A-DB11-4622-8668-A3655634DCCE}"
EndProject
Project("{9A19103F-16F7-4668-BE54-9A1E7A4F7556}") = "SimpleBruteForce", "SimpleBruteForce\SimpleBruteForce.csproj", "{88DD7822-E755-4B44-827C-DC39CC66CCDB}"
EndProject
Project("{9A19103F-16F7-4668-BE54-9A1E7A4F7556}") = "SortingAlgorithms", "SortingAlgorithms\SortingAlgorithms.csproj", "{3BF2B648-EEDD-4F5F-8CE9-517137FB471D}"
EndProject
Project("{9A19103F-16F7-4668-BE54-9A1E7A4F7556}") = "BasicIrcClient", "IrcClient\BasicIrcClient.csproj", "{B8B5F9B1-D41C-431C-9928-730AFD3311E7}"
EndProject
Project("{9A19103F-16F7-4668-BE54-9A1E7A4F7556}") = "MoeBooruApi", "MoeBooruAPI\MoeBooruApi.csproj", "{57A8D658-5828-4518-B983-7D602AA826D2}"
EndProject
Project("{9A19103F-16F7-4668-BE54-9A1E7A4F7556}") = "Test", "Test\Test.csproj", "{408716EA-6454-4FDD-BE72-34FD781C3A4B}"
EndProject
Project("{9A19103F-16F7-4668-BE54-9A1E7A4F7556}") = "ReflectionExtensions", "ExtensionsReflection\ReflectionExtensions.csproj", "{3A3969F7-69D8-41C2-AEB1-52CE8B5D0C99}"
EndProject
Project("{9A19103F-16F7-4668-BE54-9A1E7A4F7556}") = "CsvToObjects", "CsvToObjects\CsvToObjects.csproj", "{D2AD23BC-B3C6-4442-89A2-79EBF74BCD2A}"
EndProject
Project("{9A19103F-16F7-4668-BE54-9A1E7A4F7556}") = "ExtensionsString", "ExtensionsString\ExtensionsString.csproj", "{40DE1385-69F0-46B3-B0BD-EC79D843EDC3}"
EndProject
Project("{9A19103F-16F7-4668-BE54-9A1E7A4F7556}") = "WorksheetToObjects", "WorksheetToObjects\WorksheetToObjects.csproj", "{E27D133F-0217-4EC8-8C7F-928D6883C931}"
EndProject
Project("{9A19103F-16F7-4668-BE54-9A1E7A4F7556}") = "AzureSamlSSO", "AzureSamlSSO\AzureSamlSSO.csproj", "{BD412A02-16D4-4E29-BA8E-CD68347E222A}"
EndProject
Project("{9A19103F-16F7-4668-BE54-9A1E7A4F7556}") = "JwtHelper", "JwtHelper\JwtHelper.csproj", "{19CA0ACA-4CA0-4EC6-B1C1-14CF9DF00810}"
EndProject
Project("{9A19103F-16F7-4668-BE54-9A1E7A4F7556}") = "LowLevelHooks", "LowLevelHooks\LowLevelHooks.csproj", "{F1E2999F-A060-4269-B7E0-59016FE1C409}"
EndProject
Project("{9A19103F-16F7-4668-BE54-9A1E7A4F7556}") = "TestUI", "TestUI\TestUI.csproj", "{C166C7EF-640C-408C-A9A2-6B142989CE29}"
EndProject
Project("{9A19103F-16F7-4668-BE54-9A1E7A4F7556}") = "CsvToObjectsTest", "CsvToObjectsTest\CsvToObjectsTest.csproj", "{29F59FC3-9A20-4E57-A3B0-5CAB82969CE7}"
EndProject
Project("{9A19103F-16F7-4668-BE54-9A1E7A4F7556}") = "LayeredStorageNoAlloc", "LayeredStorageNoAlloc\LayeredStorageNoAlloc.csproj", "{55E10904-2F12-4B0C-929B-EE29D1228F82}"
EndProject
Project("{9A19103F-16F7-4668-BE54-9A1E7A4F7556}") = "CipherHelpers", "CipherHelpers\CipherHelpers.csproj", "{CA5A0A8D-03FC-41A1-B6E2-054AD20332B2}"
EndProject
Project("{9A19103F-16F7-4668-BE54-9A1E7A4F7556}") = "CipherHelpersTest", "CipherHelpersTest\CipherHelpersTest.csproj", "{66766D02-B55E-4D25-854D-E6A1DC26927E}"
EndProject
Project("{9A19103F-16F7-4668-BE54-9A1E7A4F7556}") = "MathHelpers", "MathHelpers\MathHelpers.csproj", "{DBB79AE3-BA9F-4EC9-AD38-64A5BC8665E9}"
EndProject
Project("{9A19103F-16F7-4668-BE54-9A1E7A4F7556}") = "InMemoryDatabase", "InMemoryDatabase\InMemoryDatabase.csproj", "{05CEB7C1-23F0-4089-83A2-1E8B9F7C7773}"
EndProject
Project("{9A19103F-16F7-4668-BE54-9A1E7A4F7556}") = "UdpServer", "UdpServer\UdpServer.csproj", "{CED00BD1-71C6-4911-931E-AABC9EFD7F27}"
EndProject
Global
	GlobalSection(SolutionConfigurationPlatforms) = preSolution
		Debug|Any CPU = Debug|Any CPU
		Release|Any CPU = Release|Any CPU
	EndGlobalSection
	GlobalSection(ProjectConfigurationPlatforms) = postSolution
		{CDB2E46A-DB11-4622-8668-A3655634DCCE}.Debug|Any CPU.ActiveCfg = Debug|Any CPU
		{CDB2E46A-DB11-4622-8668-A3655634DCCE}.Debug|Any CPU.Build.0 = Debug|Any CPU
		{CDB2E46A-DB11-4622-8668-A3655634DCCE}.Release|Any CPU.ActiveCfg = Release|Any CPU
		{CDB2E46A-DB11-4622-8668-A3655634DCCE}.Release|Any CPU.Build.0 = Release|Any CPU
		{88DD7822-E755-4B44-827C-DC39CC66CCDB}.Debug|Any CPU.ActiveCfg = Debug|Any CPU
		{88DD7822-E755-4B44-827C-DC39CC66CCDB}.Debug|Any CPU.Build.0 = Debug|Any CPU
		{88DD7822-E755-4B44-827C-DC39CC66CCDB}.Release|Any CPU.ActiveCfg = Release|Any CPU
		{88DD7822-E755-4B44-827C-DC39CC66CCDB}.Release|Any CPU.Build.0 = Release|Any CPU
		{3BF2B648-EEDD-4F5F-8CE9-517137FB471D}.Debug|Any CPU.ActiveCfg = Debug|Any CPU
		{3BF2B648-EEDD-4F5F-8CE9-517137FB471D}.Debug|Any CPU.Build.0 = Debug|Any CPU
		{3BF2B648-EEDD-4F5F-8CE9-517137FB471D}.Release|Any CPU.ActiveCfg = Release|Any CPU
		{3BF2B648-EEDD-4F5F-8CE9-517137FB471D}.Release|Any CPU.Build.0 = Release|Any CPU
		{B8B5F9B1-D41C-431C-9928-730AFD3311E7}.Debug|Any CPU.ActiveCfg = Debug|Any CPU
		{B8B5F9B1-D41C-431C-9928-730AFD3311E7}.Debug|Any CPU.Build.0 = Debug|Any CPU
		{B8B5F9B1-D41C-431C-9928-730AFD3311E7}.Release|Any CPU.ActiveCfg = Release|Any CPU
		{B8B5F9B1-D41C-431C-9928-730AFD3311E7}.Release|Any CPU.Build.0 = Release|Any CPU
		{57A8D658-5828-4518-B983-7D602AA826D2}.Debug|Any CPU.ActiveCfg = Debug|Any CPU
		{57A8D658-5828-4518-B983-7D602AA826D2}.Debug|Any CPU.Build.0 = Debug|Any CPU
		{57A8D658-5828-4518-B983-7D602AA826D2}.Release|Any CPU.ActiveCfg = Release|Any CPU
		{57A8D658-5828-4518-B983-7D602AA826D2}.Release|Any CPU.Build.0 = Release|Any CPU
		{408716EA-6454-4FDD-BE72-34FD781C3A4B}.Debug|Any CPU.ActiveCfg = Debug|Any CPU
		{408716EA-6454-4FDD-BE72-34FD781C3A4B}.Debug|Any CPU.Build.0 = Debug|Any CPU
		{408716EA-6454-4FDD-BE72-34FD781C3A4B}.Release|Any CPU.ActiveCfg = Release|Any CPU
		{408716EA-6454-4FDD-BE72-34FD781C3A4B}.Release|Any CPU.Build.0 = Release|Any CPU
		{3A3969F7-69D8-41C2-AEB1-52CE8B5D0C99}.Debug|Any CPU.ActiveCfg = Debug|Any CPU
		{3A3969F7-69D8-41C2-AEB1-52CE8B5D0C99}.Debug|Any CPU.Build.0 = Debug|Any CPU
		{3A3969F7-69D8-41C2-AEB1-52CE8B5D0C99}.Release|Any CPU.ActiveCfg = Release|Any CPU
		{3A3969F7-69D8-41C2-AEB1-52CE8B5D0C99}.Release|Any CPU.Build.0 = Release|Any CPU
		{D2AD23BC-B3C6-4442-89A2-79EBF74BCD2A}.Debug|Any CPU.ActiveCfg = Debug|Any CPU
		{D2AD23BC-B3C6-4442-89A2-79EBF74BCD2A}.Debug|Any CPU.Build.0 = Debug|Any CPU
		{D2AD23BC-B3C6-4442-89A2-79EBF74BCD2A}.Release|Any CPU.ActiveCfg = Release|Any CPU
		{D2AD23BC-B3C6-4442-89A2-79EBF74BCD2A}.Release|Any CPU.Build.0 = Release|Any CPU
		{40DE1385-69F0-46B3-B0BD-EC79D843EDC3}.Debug|Any CPU.ActiveCfg = Debug|Any CPU
		{40DE1385-69F0-46B3-B0BD-EC79D843EDC3}.Debug|Any CPU.Build.0 = Debug|Any CPU
		{40DE1385-69F0-46B3-B0BD-EC79D843EDC3}.Release|Any CPU.ActiveCfg = Release|Any CPU
		{40DE1385-69F0-46B3-B0BD-EC79D843EDC3}.Release|Any CPU.Build.0 = Release|Any CPU
		{E27D133F-0217-4EC8-8C7F-928D6883C931}.Debug|Any CPU.ActiveCfg = Debug|Any CPU
		{E27D133F-0217-4EC8-8C7F-928D6883C931}.Debug|Any CPU.Build.0 = Debug|Any CPU
		{E27D133F-0217-4EC8-8C7F-928D6883C931}.Release|Any CPU.ActiveCfg = Release|Any CPU
		{E27D133F-0217-4EC8-8C7F-928D6883C931}.Release|Any CPU.Build.0 = Release|Any CPU
		{BD412A02-16D4-4E29-BA8E-CD68347E222A}.Debug|Any CPU.ActiveCfg = Debug|Any CPU
		{BD412A02-16D4-4E29-BA8E-CD68347E222A}.Debug|Any CPU.Build.0 = Debug|Any CPU
		{BD412A02-16D4-4E29-BA8E-CD68347E222A}.Release|Any CPU.ActiveCfg = Release|Any CPU
		{BD412A02-16D4-4E29-BA8E-CD68347E222A}.Release|Any CPU.Build.0 = Release|Any CPU
		{19CA0ACA-4CA0-4EC6-B1C1-14CF9DF00810}.Debug|Any CPU.ActiveCfg = Debug|Any CPU
		{19CA0ACA-4CA0-4EC6-B1C1-14CF9DF00810}.Debug|Any CPU.Build.0 = Debug|Any CPU
		{19CA0ACA-4CA0-4EC6-B1C1-14CF9DF00810}.Release|Any CPU.ActiveCfg = Release|Any CPU
		{19CA0ACA-4CA0-4EC6-B1C1-14CF9DF00810}.Release|Any CPU.Build.0 = Release|Any CPU
		{F1E2999F-A060-4269-B7E0-59016FE1C409}.Debug|Any CPU.ActiveCfg = Debug|Any CPU
		{F1E2999F-A060-4269-B7E0-59016FE1C409}.Debug|Any CPU.Build.0 = Debug|Any CPU
		{F1E2999F-A060-4269-B7E0-59016FE1C409}.Release|Any CPU.ActiveCfg = Release|Any CPU
		{F1E2999F-A060-4269-B7E0-59016FE1C409}.Release|Any CPU.Build.0 = Release|Any CPU
		{C166C7EF-640C-408C-A9A2-6B142989CE29}.Debug|Any CPU.ActiveCfg = Debug|Any CPU
		{C166C7EF-640C-408C-A9A2-6B142989CE29}.Debug|Any CPU.Build.0 = Debug|Any CPU
		{C166C7EF-640C-408C-A9A2-6B142989CE29}.Release|Any CPU.ActiveCfg = Release|Any CPU
		{C166C7EF-640C-408C-A9A2-6B142989CE29}.Release|Any CPU.Build.0 = Release|Any CPU
		{29F59FC3-9A20-4E57-A3B0-5CAB82969CE7}.Debug|Any CPU.ActiveCfg = Debug|Any CPU
		{29F59FC3-9A20-4E57-A3B0-5CAB82969CE7}.Debug|Any CPU.Build.0 = Debug|Any CPU
		{29F59FC3-9A20-4E57-A3B0-5CAB82969CE7}.Release|Any CPU.ActiveCfg = Release|Any CPU
		{29F59FC3-9A20-4E57-A3B0-5CAB82969CE7}.Release|Any CPU.Build.0 = Release|Any CPU
		{55E10904-2F12-4B0C-929B-EE29D1228F82}.Debug|Any CPU.ActiveCfg = Debug|Any CPU
		{55E10904-2F12-4B0C-929B-EE29D1228F82}.Debug|Any CPU.Build.0 = Debug|Any CPU
		{55E10904-2F12-4B0C-929B-EE29D1228F82}.Release|Any CPU.ActiveCfg = Release|Any CPU
		{55E10904-2F12-4B0C-929B-EE29D1228F82}.Release|Any CPU.Build.0 = Release|Any CPU
		{CA5A0A8D-03FC-41A1-B6E2-054AD20332B2}.Debug|Any CPU.ActiveCfg = Debug|Any CPU
		{CA5A0A8D-03FC-41A1-B6E2-054AD20332B2}.Debug|Any CPU.Build.0 = Debug|Any CPU
		{CA5A0A8D-03FC-41A1-B6E2-054AD20332B2}.Release|Any CPU.ActiveCfg = Release|Any CPU
		{CA5A0A8D-03FC-41A1-B6E2-054AD20332B2}.Release|Any CPU.Build.0 = Release|Any CPU
		{66766D02-B55E-4D25-854D-E6A1DC26927E}.Debug|Any CPU.ActiveCfg = Debug|Any CPU
		{66766D02-B55E-4D25-854D-E6A1DC26927E}.Debug|Any CPU.Build.0 = Debug|Any CPU
		{66766D02-B55E-4D25-854D-E6A1DC26927E}.Release|Any CPU.ActiveCfg = Release|Any CPU
		{66766D02-B55E-4D25-854D-E6A1DC26927E}.Release|Any CPU.Build.0 = Release|Any CPU
		{DBB79AE3-BA9F-4EC9-AD38-64A5BC8665E9}.Debug|Any CPU.ActiveCfg = Debug|Any CPU
		{DBB79AE3-BA9F-4EC9-AD38-64A5BC8665E9}.Debug|Any CPU.Build.0 = Debug|Any CPU
		{DBB79AE3-BA9F-4EC9-AD38-64A5BC8665E9}.Release|Any CPU.ActiveCfg = Release|Any CPU
		{DBB79AE3-BA9F-4EC9-AD38-64A5BC8665E9}.Release|Any CPU.Build.0 = Release|Any CPU
		{05CEB7C1-23F0-4089-83A2-1E8B9F7C7773}.Debug|Any CPU.ActiveCfg = Debug|Any CPU
		{05CEB7C1-23F0-4089-83A2-1E8B9F7C7773}.Debug|Any CPU.Build.0 = Debug|Any CPU
		{05CEB7C1-23F0-4089-83A2-1E8B9F7C7773}.Release|Any CPU.ActiveCfg = Release|Any CPU
		{05CEB7C1-23F0-4089-83A2-1E8B9F7C7773}.Release|Any CPU.Build.0 = Release|Any CPU
		{CED00BD1-71C6-4911-931E-AABC9EFD7F27}.Debug|Any CPU.ActiveCfg = Debug|Any CPU
		{CED00BD1-71C6-4911-931E-AABC9EFD7F27}.Debug|Any CPU.Build.0 = Debug|Any CPU
		{CED00BD1-71C6-4911-931E-AABC9EFD7F27}.Release|Any CPU.ActiveCfg = Release|Any CPU
		{CED00BD1-71C6-4911-931E-AABC9EFD7F27}.Release|Any CPU.Build.0 = Release|Any CPU
	EndGlobalSection
	GlobalSection(SolutionProperties) = preSolution
		HideSolutionNode = FALSE
	EndGlobalSection
	GlobalSection(ExtensibilityGlobals) = postSolution
		SolutionGuid = {2D7ABE5D-CF6C-49F9-A209-7F07E818A532}
	EndGlobalSection
EndGlobal
